// !$*UTF8*$!
{
	archiveVersion = 1;
	classes = {
	};
	objectVersion = 50;
	objects = {

/* Begin PBXBuildFile section */
		0240895C927CB7BCE202B1A4 /* libPods-iOS_Kimjiwook.a in Frameworks */ = {isa = PBXBuildFile; fileRef = E5A59556B588FEA8B81C20D0 /* libPods-iOS_Kimjiwook.a */; };
		EA3DA308207DC664003629D8 /* AppDelegate.m in Sources */ = {isa = PBXBuildFile; fileRef = EA3DA307207DC664003629D8 /* AppDelegate.m */; };
		EA3DA30B207DC664003629D8 /* ViewController.m in Sources */ = {isa = PBXBuildFile; fileRef = EA3DA30A207DC664003629D8 /* ViewController.m */; };
		EA3DA30E207DC664003629D8 /* Main.storyboard in Resources */ = {isa = PBXBuildFile; fileRef = EA3DA30C207DC664003629D8 /* Main.storyboard */; };
		EA3DA310207DC665003629D8 /* Assets.xcassets in Resources */ = {isa = PBXBuildFile; fileRef = EA3DA30F207DC665003629D8 /* Assets.xcassets */; };
		EA3DA313207DC665003629D8 /* LaunchScreen.storyboard in Resources */ = {isa = PBXBuildFile; fileRef = EA3DA311207DC665003629D8 /* LaunchScreen.storyboard */; };
		EA3DA316207DC665003629D8 /* main.m in Sources */ = {isa = PBXBuildFile; fileRef = EA3DA315207DC665003629D8 /* main.m */; };
		EA3DA324207DF1FA003629D8 /* MainViewController.m in Sources */ = {isa = PBXBuildFile; fileRef = EA3DA322207DF1FA003629D8 /* MainViewController.m */; };
		EA3DA325207DF1FA003629D8 /* MainViewController.xib in Resources */ = {isa = PBXBuildFile; fileRef = EA3DA323207DF1FA003629D8 /* MainViewController.xib */; };
/* End PBXBuildFile section */

/* Begin PBXFileReference section */
		64ABA12E8CAD2831A0FCF418 /* Pods-iOS_Kimjiwook.release.xcconfig */ = {isa = PBXFileReference; includeInIndex = 1; lastKnownFileType = text.xcconfig; name = "Pods-iOS_Kimjiwook.release.xcconfig"; path = "Pods/Target Support Files/Pods-iOS_Kimjiwook/Pods-iOS_Kimjiwook.release.xcconfig"; sourceTree = "<group>"; };
		703E42B3313DC31536600EDC /* Pods-iOS_Kimjiwook.debug.xcconfig */ = {isa = PBXFileReference; includeInIndex = 1; lastKnownFileType = text.xcconfig; name = "Pods-iOS_Kimjiwook.debug.xcconfig"; path = "Pods/Target Support Files/Pods-iOS_Kimjiwook/Pods-iOS_Kimjiwook.debug.xcconfig"; sourceTree = "<group>"; };
		E5A59556B588FEA8B81C20D0 /* libPods-iOS_Kimjiwook.a */ = {isa = PBXFileReference; explicitFileType = archive.ar; includeInIndex = 0; path = "libPods-iOS_Kimjiwook.a"; sourceTree = BUILT_PRODUCTS_DIR; };
		EA3DA303207DC664003629D8 /* iOS_Kimjiwook.app */ = {isa = PBXFileReference; explicitFileType = wrapper.application; includeInIndex = 0; path = iOS_Kimjiwook.app; sourceTree = BUILT_PRODUCTS_DIR; };
		EA3DA306207DC664003629D8 /* AppDelegate.h */ = {isa = PBXFileReference; lastKnownFileType = sourcecode.c.h; path = AppDelegate.h; sourceTree = "<group>"; };
		EA3DA307207DC664003629D8 /* AppDelegate.m */ = {isa = PBXFileReference; lastKnownFileType = sourcecode.c.objc; path = AppDelegate.m; sourceTree = "<group>"; };
		EA3DA309207DC664003629D8 /* ViewController.h */ = {isa = PBXFileReference; lastKnownFileType = sourcecode.c.h; path = ViewController.h; sourceTree = "<group>"; };
		EA3DA30A207DC664003629D8 /* ViewController.m */ = {isa = PBXFileReference; lastKnownFileType = sourcecode.c.objc; path = ViewController.m; sourceTree = "<group>"; };
		EA3DA30D207DC664003629D8 /* Base */ = {isa = PBXFileReference; lastKnownFileType = file.storyboard; name = Base; path = Base.lproj/Main.storyboard; sourceTree = "<group>"; };
		EA3DA30F207DC665003629D8 /* Assets.xcassets */ = {isa = PBXFileReference; lastKnownFileType = folder.assetcatalog; path = Assets.xcassets; sourceTree = "<group>"; };
		EA3DA312207DC665003629D8 /* Base */ = {isa = PBXFileReference; lastKnownFileType = file.storyboard; name = Base; path = Base.lproj/LaunchScreen.storyboard; sourceTree = "<group>"; };
		EA3DA314207DC665003629D8 /* Info.plist */ = {isa = PBXFileReference; lastKnownFileType = text.plist.xml; path = Info.plist; sourceTree = "<group>"; };
		EA3DA315207DC665003629D8 /* main.m */ = {isa = PBXFileReference; lastKnownFileType = sourcecode.c.objc; path = main.m; sourceTree = "<group>"; };
		EA3DA321207DF1FA003629D8 /* MainViewController.h */ = {isa = PBXFileReference; lastKnownFileType = sourcecode.c.h; path = MainViewController.h; sourceTree = "<group>"; };
		EA3DA322207DF1FA003629D8 /* MainViewController.m */ = {isa = PBXFileReference; lastKnownFileType = sourcecode.c.objc; path = MainViewController.m; sourceTree = "<group>"; };
		EA3DA323207DF1FA003629D8 /* MainViewController.xib */ = {isa = PBXFileReference; lastKnownFileType = file.xib; path = MainViewController.xib; sourceTree = "<group>"; };
		EA3DA329207DF7BE003629D8 /* iOS_Kimjiwook-Prefix.pch */ = {isa = PBXFileReference; lastKnownFileType = sourcecode.c.h; path = "iOS_Kimjiwook-Prefix.pch"; sourceTree = "<group>"; };
/* End PBXFileReference section */

/* Begin PBXFrameworksBuildPhase section */
		EA3DA300207DC664003629D8 /* Frameworks */ = {
			isa = PBXFrameworksBuildPhase;
			buildActionMask = 2147483647;
			files = (
				0240895C927CB7BCE202B1A4 /* libPods-iOS_Kimjiwook.a in Frameworks */,
			);
			runOnlyForDeploymentPostprocessing = 0;
		};
/* End PBXFrameworksBuildPhase section */

/* Begin PBXGroup section */
		A213655CEFE25DD17FAEFD60 /* Pods */ = {
			isa = PBXGroup;
			children = (
				703E42B3313DC31536600EDC /* Pods-iOS_Kimjiwook.debug.xcconfig */,
				64ABA12E8CAD2831A0FCF418 /* Pods-iOS_Kimjiwook.release.xcconfig */,
			);
			name = Pods;
			sourceTree = "<group>";
		};
		EA3DA2FA207DC664003629D8 = {
			isa = PBXGroup;
			children = (
				EA3DA305207DC664003629D8 /* iOS_Kimjiwook */,
				EA3DA304207DC664003629D8 /* Products */,
				A213655CEFE25DD17FAEFD60 /* Pods */,
				F9C4CF34116A95B0DC70B11B /* Frameworks */,
			);
			sourceTree = "<group>";
		};
		EA3DA304207DC664003629D8 /* Products */ = {
			isa = PBXGroup;
			children = (
				EA3DA303207DC664003629D8 /* iOS_Kimjiwook.app */,
			);
			name = Products;
			sourceTree = "<group>";
		};
		EA3DA305207DC664003629D8 /* iOS_Kimjiwook */ = {
			isa = PBXGroup;
			children = (
				EA3DA306207DC664003629D8 /* AppDelegate.h */,
				EA3DA307207DC664003629D8 /* AppDelegate.m */,
				EA3DA327207DF6A1003629D8 /* VM */,
				EA3DA326207DF692003629D8 /* Protocol */,
				EA3DA32A207DF8EB003629D8 /* ViewController */,
				EA3DA309207DC664003629D8 /* ViewController.h */,
				EA3DA30A207DC664003629D8 /* ViewController.m */,
				EA3DA30C207DC664003629D8 /* Main.storyboard */,
				EA3DA30F207DC665003629D8 /* Assets.xcassets */,
				EA3DA311207DC665003629D8 /* LaunchScreen.storyboard */,
				EA3DA314207DC665003629D8 /* Info.plist */,
				EA3DA315207DC665003629D8 /* main.m */,
				EA3DA329207DF7BE003629D8 /* iOS_Kimjiwook-Prefix.pch */,
			);
			path = iOS_Kimjiwook;
			sourceTree = "<group>";
		};
		EA3DA326207DF692003629D8 /* Protocol */ = {
			isa = PBXGroup;
			children = (
			);
			path = Protocol;
			sourceTree = "<group>";
		};
		EA3DA327207DF6A1003629D8 /* VM */ = {
			isa = PBXGroup;
			children = (
			);
			path = VM;
			sourceTree = "<group>";
		};
		EA3DA32A207DF8EB003629D8 /* ViewController */ = {
			isa = PBXGroup;
			children = (
				EA3DA321207DF1FA003629D8 /* MainViewController.h */,
				EA3DA322207DF1FA003629D8 /* MainViewController.m */,
				EA3DA323207DF1FA003629D8 /* MainViewController.xib */,
			);
			path = ViewController;
			sourceTree = "<group>";
		};
		F9C4CF34116A95B0DC70B11B /* Frameworks */ = {
			isa = PBXGroup;
			children = (
				E5A59556B588FEA8B81C20D0 /* libPods-iOS_Kimjiwook.a */,
			);
			name = Frameworks;
			sourceTree = "<group>";
		};
/* End PBXGroup section */

/* Begin PBXNativeTarget section */
		EA3DA302207DC664003629D8 /* iOS_Kimjiwook */ = {
			isa = PBXNativeTarget;
			buildConfigurationList = EA3DA319207DC665003629D8 /* Build configuration list for PBXNativeTarget "iOS_Kimjiwook" */;
			buildPhases = (
				1314C3CD24F9E3E2B0C2C62B /* [CP] Check Pods Manifest.lock */,
				EA3DA2FF207DC664003629D8 /* Sources */,
				EA3DA300207DC664003629D8 /* Frameworks */,
				EA3DA301207DC664003629D8 /* Resources */,
				E9F51E8EAF3E3F8ECBACD284 /* [CP] Embed Pods Frameworks */,
				127BF9293A9E6601D3D99A40 /* [CP] Copy Pods Resources */,
			);
			buildRules = (
			);
			dependencies = (
			);
			name = iOS_Kimjiwook;
			productName = iOS_Kimjiwook;
			productReference = EA3DA303207DC664003629D8 /* iOS_Kimjiwook.app */;
			productType = "com.apple.product-type.application";
		};
/* End PBXNativeTarget section */

/* Begin PBXProject section */
		EA3DA2FB207DC664003629D8 /* Project object */ = {
			isa = PBXProject;
			attributes = {
				LastUpgradeCheck = 0930;
				ORGANIZATIONNAME = kimjiwook;
				TargetAttributes = {
					EA3DA302207DC664003629D8 = {
						CreatedOnToolsVersion = 9.3;
					};
				};
			};
			buildConfigurationList = EA3DA2FE207DC664003629D8 /* Build configuration list for PBXProject "iOS_Kimjiwook" */;
			compatibilityVersion = "Xcode 9.3";
			developmentRegion = en;
			hasScannedForEncodings = 0;
			knownRegions = (
				en,
				Base,
			);
			mainGroup = EA3DA2FA207DC664003629D8;
			productRefGroup = EA3DA304207DC664003629D8 /* Products */;
			projectDirPath = "";
			projectRoot = "";
			targets = (
				EA3DA302207DC664003629D8 /* iOS_Kimjiwook */,
			);
		};
/* End PBXProject section */

/* Begin PBXResourcesBuildPhase section */
		EA3DA301207DC664003629D8 /* Resources */ = {
			isa = PBXResourcesBuildPhase;
			buildActionMask = 2147483647;
			files = (
				EA3DA313207DC665003629D8 /* LaunchScreen.storyboard in Resources */,
				EA3DA310207DC665003629D8 /* Assets.xcassets in Resources */,
				EA3DA30E207DC664003629D8 /* Main.storyboard in Resources */,
				EA3DA325207DF1FA003629D8 /* MainViewController.xib in Resources */,
			);
			runOnlyForDeploymentPostprocessing = 0;
		};
/* End PBXResourcesBuildPhase section */

/* Begin PBXShellScriptBuildPhase section */
		127BF9293A9E6601D3D99A40 /* [CP] Copy Pods Resources */ = {
			isa = PBXShellScriptBuildPhase;
			buildActionMask = 2147483647;
			files = (
			);
			inputPaths = (
			);
			name = "[CP] Copy Pods Resources";
			outputPaths = (
			);
			runOnlyForDeploymentPostprocessing = 0;
			shellPath = /bin/sh;
			shellScript = "\"${SRCROOT}/Pods/Target Support Files/Pods-iOS_Kimjiwook/Pods-iOS_Kimjiwook-resources.sh\"\n";
			showEnvVarsInLog = 0;
		};
		1314C3CD24F9E3E2B0C2C62B /* [CP] Check Pods Manifest.lock */ = {
			isa = PBXShellScriptBuildPhase;
			buildActionMask = 2147483647;
			files = (
			);
			inputPaths = (
				"${PODS_PODFILE_DIR_PATH}/Podfile.lock",
				"${PODS_ROOT}/Manifest.lock",
			);
			name = "[CP] Check Pods Manifest.lock";
			outputPaths = (
				"$(DERIVED_FILE_DIR)/Pods-iOS_Kimjiwook-checkManifestLockResult.txt",
			);
			runOnlyForDeploymentPostprocessing = 0;
			shellPath = /bin/sh;
			shellScript = "diff \"${PODS_PODFILE_DIR_PATH}/Podfile.lock\" \"${PODS_ROOT}/Manifest.lock\" > /dev/null\nif [ $? != 0 ] ; then\n    # print error to STDERR\n    echo \"error: The sandbox is not in sync with the Podfile.lock. Run 'pod install' or update your CocoaPods installation.\" >&2\n    exit 1\nfi\n# This output is used by Xcode 'outputs' to avoid re-running this script phase.\necho \"SUCCESS\" > \"${SCRIPT_OUTPUT_FILE_0}\"\n";
			showEnvVarsInLog = 0;
		};
		E9F51E8EAF3E3F8ECBACD284 /* [CP] Embed Pods Frameworks */ = {
			isa = PBXShellScriptBuildPhase;
			buildActionMask = 2147483647;
			files = (
			);
			inputPaths = (
			);
			name = "[CP] Embed Pods Frameworks";
			outputPaths = (
			);
			runOnlyForDeploymentPostprocessing = 0;
			shellPath = /bin/sh;
			shellScript = "\"${SRCROOT}/Pods/Target Support Files/Pods-iOS_Kimjiwook/Pods-iOS_Kimjiwook-frameworks.sh\"\n";
			showEnvVarsInLog = 0;
		};
/* End PBXShellScriptBuildPhase section */

/* Begin PBXSourcesBuildPhase section */
		EA3DA2FF207DC664003629D8 /* Sources */ = {
			isa = PBXSourcesBuildPhase;
			buildActionMask = 2147483647;
			files = (
				EA3DA30B207DC664003629D8 /* ViewController.m in Sources */,
				EA3DA316207DC665003629D8 /* main.m in Sources */,
				EA3DA308207DC664003629D8 /* AppDelegate.m in Sources */,
				EA3DA324207DF1FA003629D8 /* MainViewController.m in Sources */,
			);
			runOnlyForDeploymentPostprocessing = 0;
		};
/* End PBXSourcesBuildPhase section */

/* Begin PBXVariantGroup section */
		EA3DA30C207DC664003629D8 /* Main.storyboard */ = {
			isa = PBXVariantGroup;
			children = (
				EA3DA30D207DC664003629D8 /* Base */,
			);
			name = Main.storyboard;
			sourceTree = "<group>";
		};
		EA3DA311207DC665003629D8 /* LaunchScreen.storyboard */ = {
			isa = PBXVariantGroup;
			children = (
				EA3DA312207DC665003629D8 /* Base */,
			);
			name = LaunchScreen.storyboard;
			sourceTree = "<group>";
		};
/* End PBXVariantGroup section */

/* Begin XCBuildConfiguration section */
		EA3DA317207DC665003629D8 /* Debug */ = {
			isa = XCBuildConfiguration;
			buildSettings = {
				ALWAYS_SEARCH_USER_PATHS = NO;
				CLANG_ANALYZER_NONNULL = YES;
				CLANG_ANALYZER_NUMBER_OBJECT_CONVERSION = YES_AGGRESSIVE;
				CLANG_CXX_LANGUAGE_STANDARD = "gnu++14";
				CLANG_CXX_LIBRARY = "libc++";
				CLANG_ENABLE_MODULES = YES;
				CLANG_ENABLE_OBJC_ARC = YES;
				CLANG_ENABLE_OBJC_WEAK = YES;
				CLANG_WARN_BLOCK_CAPTURE_AUTORELEASING = YES;
				CLANG_WARN_BOOL_CONVERSION = YES;
				CLANG_WARN_COMMA = YES;
				CLANG_WARN_CONSTANT_CONVERSION = YES;
				CLANG_WARN_DEPRECATED_OBJC_IMPLEMENTATIONS = YES;
				CLANG_WARN_DIRECT_OBJC_ISA_USAGE = YES_ERROR;
				CLANG_WARN_DOCUMENTATION_COMMENTS = YES;
				CLANG_WARN_EMPTY_BODY = YES;
				CLANG_WARN_ENUM_CONVERSION = YES;
				CLANG_WARN_INFINITE_RECURSION = YES;
				CLANG_WARN_INT_CONVERSION = YES;
				CLANG_WARN_NON_LITERAL_NULL_CONVERSION = YES;
				CLANG_WARN_OBJC_IMPLICIT_RETAIN_SELF = YES;
				CLANG_WARN_OBJC_LITERAL_CONVERSION = YES;
				CLANG_WARN_OBJC_ROOT_CLASS = YES_ERROR;
				CLANG_WARN_RANGE_LOOP_ANALYSIS = YES;
				CLANG_WARN_STRICT_PROTOTYPES = YES;
				CLANG_WARN_SUSPICIOUS_MOVE = YES;
				CLANG_WARN_UNGUARDED_AVAILABILITY = YES_AGGRESSIVE;
				CLANG_WARN_UNREACHABLE_CODE = YES;
				CLANG_WARN__DUPLICATE_METHOD_MATCH = YES;
				CODE_SIGN_IDENTITY = "iPhone Developer";
				COPY_PHASE_STRIP = NO;
				DEBUG_INFORMATION_FORMAT = dwarf;
				ENABLE_STRICT_OBJC_MSGSEND = YES;
				ENABLE_TESTABILITY = YES;
				GCC_C_LANGUAGE_STANDARD = gnu11;
				GCC_DYNAMIC_NO_PIC = NO;
				GCC_NO_COMMON_BLOCKS = YES;
				GCC_OPTIMIZATION_LEVEL = 0;
				GCC_PREPROCESSOR_DEFINITIONS = (
					"DEBUG=1",
					"$(inherited)",
				);
				GCC_WARN_64_TO_32_BIT_CONVERSION = YES;
				GCC_WARN_ABOUT_RETURN_TYPE = YES_ERROR;
				GCC_WARN_UNDECLARED_SELECTOR = YES;
				GCC_WARN_UNINITIALIZED_AUTOS = YES_AGGRESSIVE;
				GCC_WARN_UNUSED_FUNCTION = YES;
				GCC_WARN_UNUSED_VARIABLE = YES;
				IPHONEOS_DEPLOYMENT_TARGET = 11.3;
				MTL_ENABLE_DEBUG_INFO = YES;
				ONLY_ACTIVE_ARCH = YES;
				SDKROOT = iphoneos;
			};
			name = Debug;
		};
		EA3DA318207DC665003629D8 /* Release */ = {
			isa = XCBuildConfiguration;
			buildSettings = {
				ALWAYS_SEARCH_USER_PATHS = NO;
				CLANG_ANALYZER_NONNULL = YES;
				CLANG_ANALYZER_NUMBER_OBJECT_CONVERSION = YES_AGGRESSIVE;
				CLANG_CXX_LANGUAGE_STANDARD = "gnu++14";
				CLANG_CXX_LIBRARY = "libc++";
				CLANG_ENABLE_MODULES = YES;
				CLANG_ENABLE_OBJC_ARC = YES;
				CLANG_ENABLE_OBJC_WEAK = YES;
				CLANG_WARN_BLOCK_CAPTURE_AUTORELEASING = YES;
				CLANG_WARN_BOOL_CONVERSION = YES;
				CLANG_WARN_COMMA = YES;
				CLANG_WARN_CONSTANT_CONVERSION = YES;
				CLANG_WARN_DEPRECATED_OBJC_IMPLEMENTATIONS = YES;
				CLANG_WARN_DIRECT_OBJC_ISA_USAGE = YES_ERROR;
				CLANG_WARN_DOCUMENTATION_COMMENTS = YES;
				CLANG_WARN_EMPTY_BODY = YES;
				CLANG_WARN_ENUM_CONVERSION = YES;
				CLANG_WARN_INFINITE_RECURSION = YES;
				CLANG_WARN_INT_CONVERSION = YES;
				CLANG_WARN_NON_LITERAL_NULL_CONVERSION = YES;
				CLANG_WARN_OBJC_IMPLICIT_RETAIN_SELF = YES;
				CLANG_WARN_OBJC_LITERAL_CONVERSION = YES;
				CLANG_WARN_OBJC_ROOT_CLASS = YES_ERROR;
				CLANG_WARN_RANGE_LOOP_ANALYSIS = YES;
				CLANG_WARN_STRICT_PROTOTYPES = YES;
				CLANG_WARN_SUSPICIOUS_MOVE = YES;
				CLANG_WARN_UNGUARDED_AVAILABILITY = YES_AGGRESSIVE;
				CLANG_WARN_UNREACHABLE_CODE = YES;
				CLANG_WARN__DUPLICATE_METHOD_MATCH = YES;
				CODE_SIGN_IDENTITY = "iPhone Developer";
				COPY_PHASE_STRIP = NO;
				DEBUG_INFORMATION_FORMAT = "dwarf-with-dsym";
				ENABLE_NS_ASSERTIONS = NO;
				ENABLE_STRICT_OBJC_MSGSEND = YES;
				GCC_C_LANGUAGE_STANDARD = gnu11;
				GCC_NO_COMMON_BLOCKS = YES;
				GCC_WARN_64_TO_32_BIT_CONVERSION = YES;
				GCC_WARN_ABOUT_RETURN_TYPE = YES_ERROR;
				GCC_WARN_UNDECLARED_SELECTOR = YES;
				GCC_WARN_UNINITIALIZED_AUTOS = YES_AGGRESSIVE;
				GCC_WARN_UNUSED_FUNCTION = YES;
				GCC_WARN_UNUSED_VARIABLE = YES;
				IPHONEOS_DEPLOYMENT_TARGET = 11.3;
				MTL_ENABLE_DEBUG_INFO = NO;
				SDKROOT = iphoneos;
				VALIDATE_PRODUCT = YES;
			};
			name = Release;
		};
		EA3DA31A207DC665003629D8 /* Debug */ = {
			isa = XCBuildConfiguration;
			baseConfigurationReference = 703E42B3313DC31536600EDC /* Pods-iOS_Kimjiwook.debug.xcconfig */;
			buildSettings = {
				ASSETCATALOG_COMPILER_APPICON_NAME = AppIcon;
				CODE_SIGN_STYLE = Automatic;
				GCC_PRECOMPILE_PREFIX_HEADER = YES;
				GCC_PREFIX_HEADER = "iOS_Kimjiwook/iOS_Kimjiwook-Prefix.pch";
				INFOPLIST_FILE = iOS_Kimjiwook/Info.plist;
				IPHONEOS_DEPLOYMENT_TARGET = 9.0;
				LD_RUNPATH_SEARCH_PATHS = (
					"$(inherited)",
					"@executable_path/Frameworks",
				);
				PRODUCT_BUNDLE_IDENTIFIER = "-.-.iOS-Kimjiwook";
				PRODUCT_NAME = "$(TARGET_NAME)";
				TARGETED_DEVICE_FAMILY = "1,2";
			};
			name = Debug;
		};
		EA3DA31B207DC665003629D8 /* Release */ = {
			isa = XCBuildConfiguration;
			baseConfigurationReference = 64ABA12E8CAD2831A0FCF418 /* Pods-iOS_Kimjiwook.release.xcconfig */;
			buildSettings = {
				ASSETCATALOG_COMPILER_APPICON_NAME = AppIcon;
				CODE_SIGN_STYLE = Automatic;
				GCC_PRECOMPILE_PREFIX_HEADER = YES;
				GCC_PREFIX_HEADER = "iOS_Kimjiwook/iOS_Kimjiwook-Prefix.pch";
				INFOPLIST_FILE = iOS_Kimjiwook/Info.plist;
				IPHONEOS_DEPLOYMENT_TARGET = 9.0;
				LD_RUNPATH_SEARCH_PATHS = (
					"$(inherited)",
					"@executable_path/Frameworks",
				);
				PRODUCT_BUNDLE_IDENTIFIER = "-.-.iOS-Kimjiwook";
				PRODUCT_NAME = "$(TARGET_NAME)";
				TARGETED_DEVICE_FAMILY = "1,2";
			};
			name = Release;
		};
/* End XCBuildConfiguration section */

/* Begin XCConfigurationList section */
		EA3DA2FE207DC664003629D8 /* Build configuration list for PBXProject "iOS_Kimjiwook" */ = {
			isa = XCConfigurationList;
			buildConfigurations = (
				EA3DA317207DC665003629D8 /* Debug */,
				EA3DA318207DC665003629D8 /* Release */,
			);
			defaultConfigurationIsVisible = 0;
			defaultConfigurationName = Release;
		};
		EA3DA319207DC665003629D8 /* Build configuration list for PBXNativeTarget "iOS_Kimjiwook" */ = {
			isa = XCConfigurationList;
			buildConfigurations = (
				EA3DA31A207DC665003629D8 /* Debug */,
				EA3DA31B207DC665003629D8 /* Release */,
			);
			defaultConfigurationIsVisible = 0;
			defaultConfigurationName = Release;
		};
/* End XCConfigurationList section */
	};
	rootObject = EA3DA2FB207DC664003629D8 /* Project object */;
}
